
Microsoft Visual Studio Solution File, Format Version 12.00
# Visual Studio 15
VisualStudioVersion = 15.0.26730.12
MinimumVisualStudioVersion = 10.0.40219.1
Project("{FAE04EC0-301F-11D3-BF4B-00C04F79EFBC}") = "ContosoUniversity", "ContosoUniversity\ContosoUniversity.csproj", "{FA663D1A-5F82-4377-AFF9-82ADCE881226}"
EndProject
Global
	GlobalSection(SolutionConfigurationPlatforms) = preSolution
		Debug|Any CPU = Debug|Any CPU
		Release|Any CPU = Release|Any CPU
	EndGlobalSection
	GlobalSection(ProjectConfigurationPlatforms) = postSolution
		{FA663D1A-5F82-4377-AFF9-82ADCE881226}.Debug|Any CPU.ActiveCfg = Debug|Any CPU
		{FA663D1A-5F82-4377-AFF9-82ADCE881226}.Debug|Any CPU.Build.0 = Debug|Any CPU
		{FA663D1A-5F82-4377-AFF9-82ADCE881226}.Release|Any CPU.ActiveCfg = Release|Any CPU
		{FA663D1A-5F82-4377-AFF9-82ADCE881226}.Release|Any CPU.Build.0 = Release|Any CPU
	EndGlobalSection
	GlobalSection(SolutionProperties) = preSolution
		HideSolutionNode = FALSE
	EndGlobalSection
	GlobalSection(ExtensibilityGlobals) = postSolution
		SolutionGuid = {E310728E-B7C1-446A-99A8-314E55B38E26}
	EndGlobalSection
EndGlobal
